
Microsoft Visual Studio Solution File, Format Version 12.00
# Visual Studio Version 17
VisualStudioVersion = 17.1.32319.34
MinimumVisualStudioVersion = 10.0.40219.1
Project("{FAE04EC0-301F-11D3-BF4B-00C04F79EFBC}") = "Secao", "Secao.csproj", "{03133EE1-D3A1-419C-BB57-8E3EDE8EA918}"
EndProject
Global
	GlobalSection(SolutionConfigurationPlatforms) = preSolution
		Debug|Any CPU = Debug|Any CPU
		Release|Any CPU = Release|Any CPU
	EndGlobalSection
	GlobalSection(ProjectConfigurationPlatforms) = postSolution
		{03133EE1-D3A1-419C-BB57-8E3EDE8EA918}.Debug|Any CPU.ActiveCfg = Debug|Any CPU
		{03133EE1-D3A1-419C-BB57-8E3EDE8EA918}.Debug|Any CPU.Build.0 = Debug|Any CPU
		{03133EE1-D3A1-419C-BB57-8E3EDE8EA918}.Release|Any CPU.ActiveCfg = Release|Any CPU
		{03133EE1-D3A1-419C-BB57-8E3EDE8EA918}.Release|Any CPU.Build.0 = Release|Any CPU
	EndGlobalSection
	GlobalSection(SolutionProperties) = preSolution
		HideSolutionNode = FALSE
	EndGlobalSection
	GlobalSection(ExtensibilityGlobals) = postSolution
		SolutionGuid = {79CD6A6E-965C-40C1-BD3A-EB9F7F9C6754}
	EndGlobalSection
EndGlobal
